
Microsoft Visual Studio Solution File, Format Version 12.00
# Visual Studio 15
VisualStudioVersion = 15.0.28307.136
MinimumVisualStudioVersion = 10.0.40219.1
Project("{FAE04EC0-301F-11D3-BF4B-00C04F79EFBC}") = "LeetCode.Console", "LeetCode.Console\LeetCode.Console.csproj", "{735C18C8-AAAE-436D-ABA6-0618641227EA}"
EndProject
Global
	GlobalSection(SolutionConfigurationPlatforms) = preSolution
		Debug|Any CPU = Debug|Any CPU
		Release|Any CPU = Release|Any CPU
	EndGlobalSection
	GlobalSection(ProjectConfigurationPlatforms) = postSolution
		{735C18C8-AAAE-436D-ABA6-0618641227EA}.Debug|Any CPU.ActiveCfg = Debug|Any CPU
		{735C18C8-AAAE-436D-ABA6-0618641227EA}.Debug|Any CPU.Build.0 = Debug|Any CPU
		{735C18C8-AAAE-436D-ABA6-0618641227EA}.Release|Any CPU.ActiveCfg = Release|Any CPU
		{735C18C8-AAAE-436D-ABA6-0618641227EA}.Release|Any CPU.Build.0 = Release|Any CPU
	EndGlobalSection
	GlobalSection(SolutionProperties) = preSolution
		HideSolutionNode = FALSE
	EndGlobalSection
	GlobalSection(ExtensibilityGlobals) = postSolution
		SolutionGuid = {BFE384E8-B7B7-4D57-B0AE-2724D55DC26E}
	EndGlobalSection
EndGlobal
